
Microsoft Visual Studio Solution File, Format Version 12.00
# Visual Studio Version 17
VisualStudioVersion = 17.11.35327.3
MinimumVisualStudioVersion = 10.0.40219.1
Project("{2150E333-8FDC-42A3-9474-1A3956D46DE8}") = "src", "src", "{5E4B16E9-F7FA-49C0-9580-1788294E5D4B}"
EndProject
Project("{2150E333-8FDC-42A3-9474-1A3956D46DE8}") = "01-Domain", "01-Domain", "{312775A7-6728-47D2-B5DB-D0B702076433}"
EndProject
Project("{2150E333-8FDC-42A3-9474-1A3956D46DE8}") = "02-Infrastructures", "02-Infrastructures", "{AAA917CE-320D-4FC2-87F0-14435ACB9F26}"
EndProject
Project("{2150E333-8FDC-42A3-9474-1A3956D46DE8}") = "03-EndPoints", "03-EndPoints", "{E59077D5-3038-4954-A0EC-0D1D4ED55CF3}"
EndProject
Project("{2150E333-8FDC-42A3-9474-1A3956D46DE8}") = "Core", "Core", "{2A1A4DA6-8BF2-4593-B5FB-C866C49948BD}"
EndProject
Project("{9A19103F-16F7-4668-BE54-9A1E7A4F7556}") = "App.Domain.Core", "App.Domain.Core\App.Domain.Core.csproj", "{6BE48113-E783-400D-8D60-B631F00A1488}"
EndProject
Project("{2150E333-8FDC-42A3-9474-1A3956D46DE8}") = "Services", "Services", "{9AE5D1FD-AB05-4F41-91A2-9E00E0BBD80F}"
EndProject
Project("{9A19103F-16F7-4668-BE54-9A1E7A4F7556}") = "App.Domain.AppServices", "App.Domain.AppServices\App.Domain.AppServices.csproj", "{7DABC430-CEAA-4885-AE06-7C271CD997FA}"
EndProject
Project("{9A19103F-16F7-4668-BE54-9A1E7A4F7556}") = "App.Domain.Services", "App.Domain.Services\App.Domain.Services.csproj", "{921CC439-7BF0-48C7-8149-DBD2DA90E2FA}"
EndProject
Project("{2150E333-8FDC-42A3-9474-1A3956D46DE8}") = "DataAccess", "DataAccess", "{F5A9158F-7C88-48AE-8911-4C74F73231F1}"
EndProject
Project("{2150E333-8FDC-42A3-9474-1A3956D46DE8}") = "Db", "Db", "{521FAFB8-56B3-4A7A-812F-B0CAC4C339A6}"
EndProject
Project("{9A19103F-16F7-4668-BE54-9A1E7A4F7556}") = "App.Infra.Data.Repos.Ef", "App.Infra.Data.Repos.Ef\App.Infra.Data.Repos.Ef.csproj", "{9FD32017-1B34-454E-A758-CF8104EFDF9C}"
EndProject
Project("{9A19103F-16F7-4668-BE54-9A1E7A4F7556}") = "App.Infra.Data.Db.SqlServer.Ef", "App.Infra.Data.Db.SqlServer.Ef\App.Infra.Data.Db.SqlServer.Ef.csproj", "{0D640A55-51BE-4C8B-8B79-7B0FDF529BFF}"
EndProject
Project("{9A19103F-16F7-4668-BE54-9A1E7A4F7556}") = "App.Infra.Data.Db.Storage.Memory", "App.Infra.Data.Db.Storage.Memory\App.Infra.Data.Db.Storage.Memory.csproj", "{8C5DD7C1-27DD-49C1-87AD-E91CC62F3A77}"
EndProject
Project("{9A19103F-16F7-4668-BE54-9A1E7A4F7556}") = "App.Infra.Data.Repos.File", "App.Infra.Data.Repos.File\App.Infra.Data.Repos.File.csproj", "{96382E39-7713-4894-A238-2394BE4B41B8}"
EndProject
Project("{9A19103F-16F7-4668-BE54-9A1E7A4F7556}") = "Quiz2.Endpoints.Console", "Quiz2.Endpoints.Console\Quiz2.Endpoints.Console.csproj", "{4D1FC905-7B75-40D2-8E02-0C6EB11F7BB2}"
EndProject
Project("{FAE04EC0-301F-11D3-BF4B-00C04F79EFBC}") = "Quiz2.Endpoints.MVC", "Quiz2.Endpoints.MVC\Quiz2.Endpoints.MVC.csproj", "{108E8EBC-ACAC-42FE-B7A6-6D48E54EB1B9}"
EndProject
Global
	GlobalSection(SolutionConfigurationPlatforms) = preSolution
		Debug|Any CPU = Debug|Any CPU
		Release|Any CPU = Release|Any CPU
	EndGlobalSection
	GlobalSection(ProjectConfigurationPlatforms) = postSolution
		{6BE48113-E783-400D-8D60-B631F00A1488}.Debug|Any CPU.ActiveCfg = Debug|Any CPU
		{6BE48113-E783-400D-8D60-B631F00A1488}.Debug|Any CPU.Build.0 = Debug|Any CPU
		{6BE48113-E783-400D-8D60-B631F00A1488}.Release|Any CPU.ActiveCfg = Release|Any CPU
		{6BE48113-E783-400D-8D60-B631F00A1488}.Release|Any CPU.Build.0 = Release|Any CPU
		{7DABC430-CEAA-4885-AE06-7C271CD997FA}.Debug|Any CPU.ActiveCfg = Debug|Any CPU
		{7DABC430-CEAA-4885-AE06-7C271CD997FA}.Debug|Any CPU.Build.0 = Debug|Any CPU
		{7DABC430-CEAA-4885-AE06-7C271CD997FA}.Release|Any CPU.ActiveCfg = Release|Any CPU
		{7DABC430-CEAA-4885-AE06-7C271CD997FA}.Release|Any CPU.Build.0 = Release|Any CPU
		{921CC439-7BF0-48C7-8149-DBD2DA90E2FA}.Debug|Any CPU.ActiveCfg = Debug|Any CPU
		{921CC439-7BF0-48C7-8149-DBD2DA90E2FA}.Debug|Any CPU.Build.0 = Debug|Any CPU
		{921CC439-7BF0-48C7-8149-DBD2DA90E2FA}.Release|Any CPU.ActiveCfg = Release|Any CPU
		{921CC439-7BF0-48C7-8149-DBD2DA90E2FA}.Release|Any CPU.Build.0 = Release|Any CPU
		{9FD32017-1B34-454E-A758-CF8104EFDF9C}.Debug|Any CPU.ActiveCfg = Debug|Any CPU
		{9FD32017-1B34-454E-A758-CF8104EFDF9C}.Debug|Any CPU.Build.0 = Debug|Any CPU
		{9FD32017-1B34-454E-A758-CF8104EFDF9C}.Release|Any CPU.ActiveCfg = Release|Any CPU
		{9FD32017-1B34-454E-A758-CF8104EFDF9C}.Release|Any CPU.Build.0 = Release|Any CPU
		{0D640A55-51BE-4C8B-8B79-7B0FDF529BFF}.Debug|Any CPU.ActiveCfg = Debug|Any CPU
		{0D640A55-51BE-4C8B-8B79-7B0FDF529BFF}.Debug|Any CPU.Build.0 = Debug|Any CPU
		{0D640A55-51BE-4C8B-8B79-7B0FDF529BFF}.Release|Any CPU.ActiveCfg = Release|Any CPU
		{0D640A55-51BE-4C8B-8B79-7B0FDF529BFF}.Release|Any CPU.Build.0 = Release|Any CPU
		{8C5DD7C1-27DD-49C1-87AD-E91CC62F3A77}.Debug|Any CPU.ActiveCfg = Debug|Any CPU
		{8C5DD7C1-27DD-49C1-87AD-E91CC62F3A77}.Debug|Any CPU.Build.0 = Debug|Any CPU
		{8C5DD7C1-27DD-49C1-87AD-E91CC62F3A77}.Release|Any CPU.ActiveCfg = Release|Any CPU
		{8C5DD7C1-27DD-49C1-87AD-E91CC62F3A77}.Release|Any CPU.Build.0 = Release|Any CPU
		{96382E39-7713-4894-A238-2394BE4B41B8}.Debug|Any CPU.ActiveCfg = Debug|Any CPU
		{96382E39-7713-4894-A238-2394BE4B41B8}.Debug|Any CPU.Build.0 = Debug|Any CPU
		{96382E39-7713-4894-A238-2394BE4B41B8}.Release|Any CPU.ActiveCfg = Release|Any CPU
		{96382E39-7713-4894-A238-2394BE4B41B8}.Release|Any CPU.Build.0 = Release|Any CPU
		{4D1FC905-7B75-40D2-8E02-0C6EB11F7BB2}.Debug|Any CPU.ActiveCfg = Debug|Any CPU
		{4D1FC905-7B75-40D2-8E02-0C6EB11F7BB2}.Debug|Any CPU.Build.0 = Debug|Any CPU
		{4D1FC905-7B75-40D2-8E02-0C6EB11F7BB2}.Release|Any CPU.ActiveCfg = Release|Any CPU
		{4D1FC905-7B75-40D2-8E02-0C6EB11F7BB2}.Release|Any CPU.Build.0 = Release|Any CPU
		{108E8EBC-ACAC-42FE-B7A6-6D48E54EB1B9}.Debug|Any CPU.ActiveCfg = Debug|Any CPU
		{108E8EBC-ACAC-42FE-B7A6-6D48E54EB1B9}.Debug|Any CPU.Build.0 = Debug|Any CPU
		{108E8EBC-ACAC-42FE-B7A6-6D48E54EB1B9}.Release|Any CPU.ActiveCfg = Release|Any CPU
		{108E8EBC-ACAC-42FE-B7A6-6D48E54EB1B9}.Release|Any CPU.Build.0 = Release|Any CPU
	EndGlobalSection
	GlobalSection(SolutionProperties) = preSolution
		HideSolutionNode = FALSE
	EndGlobalSection
	GlobalSection(NestedProjects) = preSolution
		{312775A7-6728-47D2-B5DB-D0B702076433} = {5E4B16E9-F7FA-49C0-9580-1788294E5D4B}
		{AAA917CE-320D-4FC2-87F0-14435ACB9F26} = {5E4B16E9-F7FA-49C0-9580-1788294E5D4B}
		{E59077D5-3038-4954-A0EC-0D1D4ED55CF3} = {5E4B16E9-F7FA-49C0-9580-1788294E5D4B}
		{2A1A4DA6-8BF2-4593-B5FB-C866C49948BD} = {312775A7-6728-47D2-B5DB-D0B702076433}
		{6BE48113-E783-400D-8D60-B631F00A1488} = {2A1A4DA6-8BF2-4593-B5FB-C866C49948BD}
		{9AE5D1FD-AB05-4F41-91A2-9E00E0BBD80F} = {312775A7-6728-47D2-B5DB-D0B702076433}
		{7DABC430-CEAA-4885-AE06-7C271CD997FA} = {9AE5D1FD-AB05-4F41-91A2-9E00E0BBD80F}
		{921CC439-7BF0-48C7-8149-DBD2DA90E2FA} = {9AE5D1FD-AB05-4F41-91A2-9E00E0BBD80F}
		{F5A9158F-7C88-48AE-8911-4C74F73231F1} = {AAA917CE-320D-4FC2-87F0-14435ACB9F26}
		{521FAFB8-56B3-4A7A-812F-B0CAC4C339A6} = {AAA917CE-320D-4FC2-87F0-14435ACB9F26}
		{9FD32017-1B34-454E-A758-CF8104EFDF9C} = {F5A9158F-7C88-48AE-8911-4C74F73231F1}
		{0D640A55-51BE-4C8B-8B79-7B0FDF529BFF} = {521FAFB8-56B3-4A7A-812F-B0CAC4C339A6}
		{8C5DD7C1-27DD-49C1-87AD-E91CC62F3A77} = {521FAFB8-56B3-4A7A-812F-B0CAC4C339A6}
		{96382E39-7713-4894-A238-2394BE4B41B8} = {F5A9158F-7C88-48AE-8911-4C74F73231F1}
		{4D1FC905-7B75-40D2-8E02-0C6EB11F7BB2} = {E59077D5-3038-4954-A0EC-0D1D4ED55CF3}
		{108E8EBC-ACAC-42FE-B7A6-6D48E54EB1B9} = {E59077D5-3038-4954-A0EC-0D1D4ED55CF3}
	EndGlobalSection
	GlobalSection(ExtensibilityGlobals) = postSolution
		SolutionGuid = {48C760B1-6848-4188-8E5B-4B752CC6342B}
	EndGlobalSection
EndGlobal
